
Microsoft Visual Studio Solution File, Format Version 12.00
# Visual Studio 15
VisualStudioVersion = 15.0.28307.271
MinimumVisualStudioVersion = 10.0.40219.1
Project("{9A19103F-16F7-4668-BE54-9A1E7A4F7556}") = "MVCVirtualPets", "MVCVirtualPets\MVCVirtualPets.csproj", "{166CE37B-6E40-4425-868E-9EBF15EC524E}"
EndProject
Project("{9A19103F-16F7-4668-BE54-9A1E7A4F7556}") = "MVCVirtualPets.Tests", "MVCVirtualPets.Tests\MVCVirtualPets.Tests.csproj", "{C3156FB7-DB15-4449-8077-F763E8C38BA9}"
EndProject
Global
	GlobalSection(SolutionConfigurationPlatforms) = preSolution
		Debug|Any CPU = Debug|Any CPU
		Release|Any CPU = Release|Any CPU
	EndGlobalSection
	GlobalSection(ProjectConfigurationPlatforms) = postSolution
		{166CE37B-6E40-4425-868E-9EBF15EC524E}.Debug|Any CPU.ActiveCfg = Debug|Any CPU
		{166CE37B-6E40-4425-868E-9EBF15EC524E}.Debug|Any CPU.Build.0 = Debug|Any CPU
		{166CE37B-6E40-4425-868E-9EBF15EC524E}.Release|Any CPU.ActiveCfg = Release|Any CPU
		{166CE37B-6E40-4425-868E-9EBF15EC524E}.Release|Any CPU.Build.0 = Release|Any CPU
		{C3156FB7-DB15-4449-8077-F763E8C38BA9}.Debug|Any CPU.ActiveCfg = Debug|Any CPU
		{C3156FB7-DB15-4449-8077-F763E8C38BA9}.Debug|Any CPU.Build.0 = Debug|Any CPU
		{C3156FB7-DB15-4449-8077-F763E8C38BA9}.Release|Any CPU.ActiveCfg = Release|Any CPU
		{C3156FB7-DB15-4449-8077-F763E8C38BA9}.Release|Any CPU.Build.0 = Release|Any CPU
	EndGlobalSection
	GlobalSection(SolutionProperties) = preSolution
		HideSolutionNode = FALSE
	EndGlobalSection
	GlobalSection(ExtensibilityGlobals) = postSolution
		SolutionGuid = {ABCD3A2D-7A24-40B1-A471-D52A6B10AC48}
	EndGlobalSection
EndGlobal
